PODS:
  - FreeStreamer (3.8.3):
    - Reachability (~> 3.0)
  - Masonry (1.1.0)
  - Reachability (3.2)
  - WechatOpenSDK (1.8.3)
  - YYKit (1.0.9):
    - YYKit/no-arc (= 1.0.9)
  - YYKit/no-arc (1.0.9)

DEPENDENCIES:
  - FreeStreamer (~> 3.8.3)
  - Masonry (~> 1.1.0)
  - WechatOpenSDK
  - YYKit

SPEC REPOS:
  https://github.com/CocoaPods/Specs.git:
    - FreeStreamer
    - Masonry
    - Reachability
    - WechatOpenSDK
    - YYKit

SPEC CHECKSUMS:
  FreeStreamer: b205b0bf6a2e7855f935369145498f930eb27cac
  Masonry: 678fab65091a9290e40e2832a55e7ab731aad201
  Reachability: 33e18b67625424e47b6cde6d202dce689ad7af96
  WechatOpenSDK: 3117412f8aafde4758cac1e8d20b93c67cafcfef
  YYKit: 7cda43304a8dc3696c449041e2cb3107b4e236e7

PODFILE CHECKSUM: 42071476857587633beb8fd3f868aefd83fcede6

COCOAPODS: 1.5.0
